
Microsoft Visual Studio Solution File, Format Version 10.00
# Visual Studio 2008
Project("{E24C65DC-7377-472B-9ABA-BC803B73C61A}") = "WebPostel", ".", "{AD45879C-FAB0-4236-A5D1-B6B7A3A1C2BC}"
	ProjectSection(WebsiteProperties) = preProject
		TargetFramework = "3.5"
		Debug.AspNetCompiler.VirtualPath = "/WebPostel"
		Debug.AspNetCompiler.PhysicalPath = "..\WebPostel\"
		Debug.AspNetCompiler.TargetPath = "PrecompiledWeb\WebPostel\"
		Debug.AspNetCompiler.Updateable = "false"
		Debug.AspNetCompiler.ForceOverwrite = "true"
		Debug.AspNetCompiler.FixedNames = "false"
		Debug.AspNetCompiler.Debug = "True"
		Release.AspNetCompiler.VirtualPath = "/WebPostel"
		Release.AspNetCompiler.PhysicalPath = "..\WebPostel\"
		Release.AspNetCompiler.TargetPath = "PrecompiledWeb\WebPostel\"
		Release.AspNetCompiler.Updateable = "false"
		Release.AspNetCompiler.ForceOverwrite = "true"
		Release.AspNetCompiler.FixedNames = "false"
		Release.AspNetCompiler.Debug = "False"
		VWDPort = "52862"
		VWDVirtualPath = "/"
	EndProjectSection
EndProject
Global
	GlobalSection(SolutionConfigurationPlatforms) = preSolution
		Debug|Any CPU = Debug|Any CPU
	EndGlobalSection
	GlobalSection(ProjectConfigurationPlatforms) = postSolution
		{AD45879C-FAB0-4236-A5D1-B6B7A3A1C2BC}.Debug|Any CPU.ActiveCfg = Debug|Any CPU
		{AD45879C-FAB0-4236-A5D1-B6B7A3A1C2BC}.Debug|Any CPU.Build.0 = Debug|Any CPU
	EndGlobalSection
	GlobalSection(SolutionProperties) = preSolution
		HideSolutionNode = FALSE
	EndGlobalSection
EndGlobal
